
Microsoft Visual Studio Solution File, Format Version 12.00
# Visual Studio Version 17
VisualStudioVersion = 17.7.34018.315
MinimumVisualStudioVersion = 10.0.40219.1
Project("{9A19103F-16F7-4668-BE54-9A1E7A4F7556}") = "Backend", "2-oy_imtihon_project\Backend.csproj", "{248A5731-38D5-4242-BFA8-7FF2A5323989}"
EndProject
Global
	GlobalSection(SolutionConfigurationPlatforms) = preSolution
		Debug|Any CPU = Debug|Any CPU
		Release|Any CPU = Release|Any CPU
	EndGlobalSection
	GlobalSection(ProjectConfigurationPlatforms) = postSolution
		{248A5731-38D5-4242-BFA8-7FF2A5323989}.Debug|Any CPU.ActiveCfg = Debug|Any CPU
		{248A5731-38D5-4242-BFA8-7FF2A5323989}.Debug|Any CPU.Build.0 = Debug|Any CPU
		{248A5731-38D5-4242-BFA8-7FF2A5323989}.Release|Any CPU.ActiveCfg = Release|Any CPU
		{248A5731-38D5-4242-BFA8-7FF2A5323989}.Release|Any CPU.Build.0 = Release|Any CPU
	EndGlobalSection
	GlobalSection(SolutionProperties) = preSolution
		HideSolutionNode = FALSE
	EndGlobalSection
	GlobalSection(ExtensibilityGlobals) = postSolution
		SolutionGuid = {D70D47B5-1D7A-4DFF-A16C-0D433A05DB62}
	EndGlobalSection
EndGlobal
